{
  "version": 4,
  "terraform_version": "1.12.1",
  "serial": 18,
  "lineage": "3e070205-43ea-49bc-268d-b3b783b4dc78",
  "outputs": {
    "ridebooking_bastion_role_arn": {
      "value": "arn:aws:iam::731099197523:role/ridebooking-bastion-role",
      "type": "string"
    },
    "ridebooking_ec2_api_role_arn": {
      "value": "arn:aws:iam::731099197523:role/ridebooking-ec2-api-role",
      "type": "string"
    },
    "ridebooking_ec2_websocket_role_arn": {
      "value": "arn:aws:iam::731099197523:role/ridebooking-ec2-websocket-role",
      "type": "string"
    },
    "ridebooking_rds_monitoring_role_arn": {
      "value": "arn:aws:iam::731099197523:role/ridebooking-rds-monitoring-role",
      "type": "string"
    }
  },
  "resources": [
    {
      "module": "module.iam_roles",
      "mode": "data",
      "type": "aws_caller_identity",
      "name": "current",
      "provider": "provider[\"registry.terraform.io/hashicorp/aws\"]",
      "instances": [
        {
          "schema_version": 0,
          "attributes": {
            "account_id": "731099197523",
            "arn": "arn:aws:iam::731099197523:user/terraform-admin",
            "id": "731099197523",
            "user_id": "AIDA2UOHIOBJXV4CUYLDZ"
          },
          "sensitive_attributes": [],
          "identity_schema_version": 0
        }
      ]
    },
    {
      "module": "module.iam_roles",
      "mode": "managed",
      "type": "aws_iam_instance_profile",
      "name": "ridebooking_bastion_profile",
      "provider": "provider[\"registry.terraform.io/hashicorp/aws\"]",
      "instances": [
        {
          "schema_version": 0,
          "attributes": {
            "arn": "arn:aws:iam::731099197523:instance-profile/ridebooking-bastion-profile",
            "create_date": "2025-12-30T07:08:11Z",
            "id": "ridebooking-bastion-profile",
            "name": "ridebooking-bastion-profile",
            "name_prefix": "",
            "path": "/",
            "role": "ridebooking-bastion-role",
            "tags": {
              "environment": "shared",
              "managed_by": "terraform",
              "project": "d2-ride-booking"
            },
            "tags_all": {
              "environment": "shared",
              "managed_by": "terraform",
              "project": "d2-ride-booking"
            },
            "unique_id": "AIPA2UOHIOBJ2EZSS7VTF"
          },
          "sensitive_attributes": [],
          "identity_schema_version": 0,
          "private": "bnVsbA==",
          "dependencies": [
            "module.iam_roles.aws_iam_policy.permission_boundary",
            "module.iam_roles.aws_iam_role.ridebooking_bastion_role"
          ]
        }
      ]
    },
    {
      "module": "module.iam_roles",
      "mode": "managed",
      "type": "aws_iam_instance_profile",
      "name": "ridebooking_ec2_api_profile",
      "provider": "provider[\"registry.terraform.io/hashicorp/aws\"]",
      "instances": [
        {
          "schema_version": 0,
          "attributes": {
            "arn": "arn:aws:iam::731099197523:instance-profile/ridebooking-ec2-api-profile",
            "create_date": "2025-12-30T07:08:11Z",
            "id": "ridebooking-ec2-api-profile",
            "name": "ridebooking-ec2-api-profile",
            "name_prefix": "",
            "path": "/",
            "role": "ridebooking-ec2-api-role",
            "tags": {
              "environment": "shared",
              "managed_by": "terraform",
              "project": "d2-ride-booking"
            },
            "tags_all": {
              "environment": "shared",
              "managed_by": "terraform",
              "project": "d2-ride-booking"
            },
            "unique_id": "AIPA2UOHIOBJQTWO7XCT2"
          },
          "sensitive_attributes": [],
          "identity_schema_version": 0,
          "private": "bnVsbA==",
          "dependencies": [
            "module.iam_roles.aws_iam_policy.permission_boundary",
            "module.iam_roles.aws_iam_role.ridebooking_ec2_api_role"
          ]
        }
      ]
    },
    {
      "module": "module.iam_roles",
      "mode": "managed",
      "type": "aws_iam_instance_profile",
      "name": "ridebooking_ec2_websocket_profile",
      "provider": "provider[\"registry.terraform.io/hashicorp/aws\"]",
      "instances": [
        {
          "schema_version": 0,
          "attributes": {
            "arn": "arn:aws:iam::731099197523:instance-profile/ridebooking-ec2-websocket-profile",
            "create_date": "2025-12-30T07:08:12Z",
            "id": "ridebooking-ec2-websocket-profile",
            "name": "ridebooking-ec2-websocket-profile",
            "name_prefix": "",
            "path": "/",
            "role": "ridebooking-ec2-websocket-role",
            "tags": {
              "environment": "shared",
              "managed_by": "terraform",
              "project": "d2-ride-booking"
            },
            "tags_all": {
              "environment": "shared",
              "managed_by": "terraform",
              "project": "d2-ride-booking"
            },
            "unique_id": "AIPA2UOHIOBJXR2GQWXPR"
          },
          "sensitive_attributes": [],
          "identity_schema_version": 0,
          "private": "bnVsbA==",
          "dependencies": [
            "module.iam_roles.aws_iam_policy.permission_boundary",
            "module.iam_roles.aws_iam_role.ridebooking_ec2_websocket_role"
          ]
        }
      ]
    },
    {
      "module": "module.iam_roles",
      "mode": "managed",
      "type": "aws_iam_policy",
      "name": "github_actions_deploy_policy",
      "provider": "provider[\"registry.terraform.io/hashicorp/aws\"]",
      "instances": [
        {
          "schema_version": 0,
          "attributes": {
            "arn": "arn:aws:iam::731099197523:policy/github-actions-deploy-policy",
            "attachment_count": 0,
            "description": "Policy for github-actions-deploy-role",
            "id": "arn:aws:iam::731099197523:policy/github-actions-deploy-policy",
            "name": "github-actions-deploy-policy",
            "name_prefix": "",
            "path": "/",
            "policy": "{\"Statement\":[{\"Action\":[\"ec2:DescribeInstances\",\"ec2:DescribeTags\",\"ec2:CreateTags\"],\"Effect\":\"Allow\",\"Resource\":\"*\",\"Sid\":\"EC2DeploymentAccess\"},{\"Action\":[\"s3:PutObject\",\"s3:GetObject\",\"s3:ListBucket\"],\"Effect\":\"Allow\",\"Resource\":[\"arn:aws:s3:::d2-ride-booking-deployments-*\",\"arn:aws:s3:::d2-ride-booking-deployments-*/*\"],\"Sid\":\"S3ArtifactsUpload\"},{\"Action\":[\"cloudwatch:GetMetricData\",\"logs:FilterLogEvents\",\"logs:GetLogEvents\"],\"Effect\":\"Allow\",\"Resource\":\"*\",\"Sid\":\"CloudWatchReadOnly\"},{\"Action\":[\"ssm:SendCommand\",\"ssm:GetCommandInvocation\"],\"Condition\":{\"StringEquals\":{\"aws:ResourceTag/project\":\"d2-ride-booking\"}},\"Effect\":\"Allow\",\"Resource\":[\"arn:aws:ec2:*:*:instance/*\",\"arn:aws:ssm:*:*:document/AWS-RunShellScript\"],\"Sid\":\"SSMRunCommand\"}],\"Version\":\"2012-10-17\"}",
            "policy_id": "ANPA2UOHIOBJ6P7T4472L",
            "tags": {
              "environment": "shared",
              "managed_by": "terraform",
              "project": "d2-ride-booking"
            },
            "tags_all": {
              "environment": "shared",
              "managed_by": "terraform",
              "project": "d2-ride-booking"
            }
          },
          "sensitive_attributes": [],
          "identity_schema_version": 0,
          "private": "bnVsbA=="
        }
      ]
    },
    {
      "module": "module.iam_roles",
      "mode": "managed",
      "type": "aws_iam_policy",
      "name": "permission_boundary",
      "provider": "provider[\"registry.terraform.io/hashicorp/aws\"]",
      "instances": [
        {
          "schema_version": 0,
          "attributes": {
            "arn": "arn:aws:iam::731099197523:policy/d2-ride-booking-permission-boundary",
            "attachment_count": 0,
            "description": "",
            "id": "arn:aws:iam::731099197523:policy/d2-ride-booking-permission-boundary",
            "name": "d2-ride-booking-permission-boundary",
            "name_prefix": "",
            "path": "/",
            "policy": "{\"Statement\":[{\"Action\":[\"iam:CreateUser\",\"iam:CreateRole\",\"iam:AttachUserPolicy\",\"iam:AttachRolePolicy\",\"organizations:*\",\"account:*\"],\"Effect\":\"Deny\",\"Resource\":\"*\"}],\"Version\":\"2012-10-17\"}",
            "policy_id": "ANPA2UOHIOBJ5ZEV62OVN",
            "tags": null,
            "tags_all": {}
          },
          "sensitive_attributes": [],
          "identity_schema_version": 0,
          "private": "bnVsbA=="
        }
      ]
    },
    {
      "module": "module.iam_roles",
      "mode": "managed",
      "type": "aws_iam_policy",
      "name": "ridebooking_bastion_policy",
      "provider": "provider[\"registry.terraform.io/hashicorp/aws\"]",
      "instances": [
        {
          "schema_version": 0,
          "attributes": {
            "arn": "arn:aws:iam::731099197523:policy/ridebooking-bastion-policy",
            "attachment_count": 0,
            "description": "Policy for ridebooking-bastion-role",
            "id": "arn:aws:iam::731099197523:policy/ridebooking-bastion-policy",
            "name": "ridebooking-bastion-policy",
            "name_prefix": "",
            "path": "/",
            "policy": "{\"Statement\":[{\"Action\":[\"logs:CreateLogGroup\",\"logs:CreateLogStream\",\"logs:PutLogEvents\"],\"Effect\":\"Allow\",\"Resource\":\"arn:aws:logs:*:*:log-group:/aws/ec2/d2-ride-booking-bastion-*\",\"Sid\":\"CloudWatchLogsWrite\"},{\"Action\":[\"ssm:UpdateInstanceInformation\",\"ssmmessages:CreateControlChannel\",\"ssmmessages:CreateDataChannel\",\"ssmmessages:OpenControlChannel\",\"ssmmessages:OpenDataChannel\"],\"Effect\":\"Allow\",\"Resource\":\"*\",\"Sid\":\"SSMSessionManager\"},{\"Action\":[\"s3:PutObject\"],\"Effect\":\"Allow\",\"Resource\":\"arn:aws:s3:::d2-ride-booking-logs-*/bastion-sessions/*\",\"Sid\":\"S3SessionLogs\"}],\"Version\":\"2012-10-17\"}",
            "policy_id": "ANPA2UOHIOBJ3EQBW35HG",
            "tags": {
              "environment": "shared",
              "managed_by": "terraform",
              "project": "d2-ride-booking"
            },
            "tags_all": {
              "environment": "shared",
              "managed_by": "terraform",
              "project": "d2-ride-booking"
            }
          },
          "sensitive_attributes": [],
          "identity_schema_version": 0,
          "private": "bnVsbA=="
        }
      ]
    },
    {
      "module": "module.iam_roles",
      "mode": "managed",
      "type": "aws_iam_policy",
      "name": "ridebooking_ec2_api_policy",
      "provider": "provider[\"registry.terraform.io/hashicorp/aws\"]",
      "instances": [
        {
          "schema_version": 0,
          "attributes": {
            "arn": "arn:aws:iam::731099197523:policy/ridebooking-ec2-api-policy",
            "attachment_count": 0,
            "description": "Policy for ridebooking-ec2-api-role",
            "id": "arn:aws:iam::731099197523:policy/ridebooking-ec2-api-policy",
            "name": "ridebooking-ec2-api-policy",
            "name_prefix": "",
            "path": "/",
            "policy": "{\"Statement\":[{\"Action\":[\"secretsmanager:GetSecretValue\",\"secretsmanager:DescribeSecret\"],\"Effect\":\"Allow\",\"Resource\":[\"arn:aws:secretsmanager:*:*:secret:d2-ride-booking/*/database/*\",\"arn:aws:secretsmanager:*:*:secret:d2-ride-booking/*/api/*\"],\"Sid\":\"SecretsManagerAccess\"},{\"Action\":[\"logs:CreateLogGroup\",\"logs:CreateLogStream\",\"logs:PutLogEvents\",\"logs:DescribeLogStreams\"],\"Effect\":\"Allow\",\"Resource\":\"arn:aws:logs:*:*:log-group:/aws/ec2/d2-ride-booking-*\",\"Sid\":\"CloudWatchLogsWrite\"},{\"Action\":[\"dynamodb:PutItem\",\"dynamodb:GetItem\",\"dynamodb:UpdateItem\",\"dynamodb:Query\",\"dynamodb:Scan\",\"dynamodb:DeleteItem\"],\"Effect\":\"Allow\",\"Resource\":[\"arn:aws:dynamodb:*:*:table/d2-ride-booking-*-locations\",\"arn:aws:dynamodb:*:*:table/d2-ride-booking-*-events\"],\"Sid\":\"DynamoDBAccess\"},{\"Action\":[\"s3:GetObject\",\"s3:ListBucket\"],\"Effect\":\"Allow\",\"Resource\":[\"arn:aws:s3:::d2-ride-booking-config-*\",\"arn:aws:s3:::d2-ride-booking-config-*/*\"],\"Sid\":\"S3ConfigAccess\"},{\"Action\":[\"s3:PutObject\",\"s3:PutObjectAcl\"],\"Effect\":\"Allow\",\"Resource\":\"arn:aws:s3:::d2-ride-booking-logs-*/*\",\"Sid\":\"S3LogsWrite\"}],\"Version\":\"2012-10-17\"}",
            "policy_id": "ANPA2UOHIOBJUUM77WEY7",
            "tags": {
              "environment": "shared",
              "managed_by": "terraform",
              "project": "d2-ride-booking"
            },
            "tags_all": {
              "environment": "shared",
              "managed_by": "terraform",
              "project": "d2-ride-booking"
            }
          },
          "sensitive_attributes": [],
          "identity_schema_version": 0,
          "private": "bnVsbA=="
        }
      ]
    },
    {
      "module": "module.iam_roles",
      "mode": "managed",
      "type": "aws_iam_policy",
      "name": "ridebooking_ec2_websocket_policy",
      "provider": "provider[\"registry.terraform.io/hashicorp/aws\"]",
      "instances": [
        {
          "schema_version": 0,
          "attributes": {
            "arn": "arn:aws:iam::731099197523:policy/ridebooking-ec2-websocket-policy",
            "attachment_count": 0,
            "description": "Policy for ridebooking-ec2-websocket-role",
            "id": "arn:aws:iam::731099197523:policy/ridebooking-ec2-websocket-policy",
            "name": "ridebooking-ec2-websocket-policy",
            "name_prefix": "",
            "path": "/",
            "policy": "{\"Statement\":[{\"Action\":[\"secretsmanager:GetSecretValue\"],\"Effect\":\"Allow\",\"Resource\":\"arn:aws:secretsmanager:*:*:secret:d2-ride-booking/*/cache/*\",\"Sid\":\"SecretsManagerRedis\"},{\"Action\":[\"logs:CreateLogGroup\",\"logs:CreateLogStream\",\"logs:PutLogEvents\"],\"Effect\":\"Allow\",\"Resource\":\"arn:aws:logs:*:*:log-group:/aws/ec2/d2-ride-booking-websocket-*\",\"Sid\":\"CloudWatchLogsWrite\"},{\"Action\":[\"dynamodb:PutItem\",\"dynamodb:UpdateItem\",\"dynamodb:GetItem\",\"dynamodb:Query\"],\"Effect\":\"Allow\",\"Resource\":\"arn:aws:dynamodb:*:*:table/d2-ride-booking-*-locations\",\"Sid\":\"DynamoDBLocationWrite\"},{\"Action\":[\"ses:SendEmail\",\"ses:SendRawEmail\"],\"Condition\":{\"StringEquals\":{\"ses:FromAddress\":\"notifications@d2-ride-booking.com\"}},\"Effect\":\"Allow\",\"Resource\":\"*\",\"Sid\":\"SESEmailNotifications\"},{\"Action\":[\"sns:Publish\"],\"Effect\":\"Allow\",\"Resource\":\"arn:aws:sns:*:*:d2-ride-booking-*-mobile-push\",\"Sid\":\"SNSPushNotifications\"}],\"Version\":\"2012-10-17\"}",
            "policy_id": "ANPA2UOHIOBJW5UEGFISJ",
            "tags": {
              "environment": "shared",
              "managed_by": "terraform",
              "project": "d2-ride-booking"
            },
            "tags_all": {
              "environment": "shared",
              "managed_by": "terraform",
              "project": "d2-ride-booking"
            }
          },
          "sensitive_attributes": [],
          "identity_schema_version": 0,
          "private": "bnVsbA=="
        }
      ]
    },
    {
      "module": "module.iam_roles",
      "mode": "managed",
      "type": "aws_iam_role",
      "name": "ridebooking_bastion_role",
      "provider": "provider[\"registry.terraform.io/hashicorp/aws\"]",
      "instances": [
        {
          "schema_version": 0,
          "attributes": {
            "arn": "arn:aws:iam::731099197523:role/ridebooking-bastion-role",
            "assume_role_policy": "{\"Statement\":[{\"Action\":\"sts:AssumeRole\",\"Effect\":\"Allow\",\"Principal\":{\"Service\":\"ec2.amazonaws.com\"}}],\"Version\":\"2012-10-17\"}",
            "create_date": "2025-12-30T07:08:10Z",
            "description": "",
            "force_detach_policies": false,
            "id": "ridebooking-bastion-role",
            "inline_policy": [],
            "managed_policy_arns": [],
            "max_session_duration": 3600,
            "name": "ridebooking-bastion-role",
            "name_prefix": "",
            "path": "/",
            "permissions_boundary": "arn:aws:iam::731099197523:policy/d2-ride-booking-permission-boundary",
            "tags": {
              "environment": "shared",
              "managed_by": "terraform",
              "project": "d2-ride-booking"
            },
            "tags_all": {
              "environment": "shared",
              "managed_by": "terraform",
              "project": "d2-ride-booking"
            },
            "unique_id": "AROA2UOHIOBJTCBHYJPJF"
          },
          "sensitive_attributes": [],
          "identity_schema_version": 0,
          "private": "bnVsbA==",
          "dependencies": [
            "module.iam_roles.aws_iam_policy.permission_boundary"
          ]
        }
      ]
    },
    {
      "module": "module.iam_roles",
      "mode": "managed",
      "type": "aws_iam_role",
      "name": "ridebooking_ec2_api_role",
      "provider": "provider[\"registry.terraform.io/hashicorp/aws\"]",
      "instances": [
        {
          "schema_version": 0,
          "attributes": {
            "arn": "arn:aws:iam::731099197523:role/ridebooking-ec2-api-role",
            "assume_role_policy": "{\"Statement\":[{\"Action\":\"sts:AssumeRole\",\"Effect\":\"Allow\",\"Principal\":{\"Service\":\"ec2.amazonaws.com\"}}],\"Version\":\"2012-10-17\"}",
            "create_date": "2025-12-30T07:08:10Z",
            "description": "",
            "force_detach_policies": false,
            "id": "ridebooking-ec2-api-role",
            "inline_policy": [],
            "managed_policy_arns": [],
            "max_session_duration": 3600,
            "name": "ridebooking-ec2-api-role",
            "name_prefix": "",
            "path": "/",
            "permissions_boundary": "arn:aws:iam::731099197523:policy/d2-ride-booking-permission-boundary",
            "tags": {
              "environment": "shared",
              "managed_by": "terraform",
              "project": "d2-ride-booking"
            },
            "tags_all": {
              "environment": "shared",
              "managed_by": "terraform",
              "project": "d2-ride-booking"
            },
            "unique_id": "AROA2UOHIOBJZY3FAUUAB"
          },
          "sensitive_attributes": [],
          "identity_schema_version": 0,
          "private": "bnVsbA==",
          "dependencies": [
            "module.iam_roles.aws_iam_policy.permission_boundary"
          ]
        }
      ]
    },
    {
      "module": "module.iam_roles",
      "mode": "managed",
      "type": "aws_iam_role",
      "name": "ridebooking_ec2_websocket_role",
      "provider": "provider[\"registry.terraform.io/hashicorp/aws\"]",
      "instances": [
        {
          "schema_version": 0,
          "attributes": {
            "arn": "arn:aws:iam::731099197523:role/ridebooking-ec2-websocket-role",
            "assume_role_policy": "{\"Statement\":[{\"Action\":\"sts:AssumeRole\",\"Effect\":\"Allow\",\"Principal\":{\"Service\":\"ec2.amazonaws.com\"}}],\"Version\":\"2012-10-17\"}",
            "create_date": "2025-12-30T07:08:10Z",
            "description": "",
            "force_detach_policies": false,
            "id": "ridebooking-ec2-websocket-role",
            "inline_policy": [],
            "managed_policy_arns": [],
            "max_session_duration": 3600,
            "name": "ridebooking-ec2-websocket-role",
            "name_prefix": "",
            "path": "/",
            "permissions_boundary": "arn:aws:iam::731099197523:policy/d2-ride-booking-permission-boundary",
            "tags": {
              "environment": "shared",
              "managed_by": "terraform",
              "project": "d2-ride-booking"
            },
            "tags_all": {
              "environment": "shared",
              "managed_by": "terraform",
              "project": "d2-ride-booking"
            },
            "unique_id": "AROA2UOHIOBJ37AWP6LAQ"
          },
          "sensitive_attributes": [],
          "identity_schema_version": 0,
          "private": "bnVsbA==",
          "dependencies": [
            "module.iam_roles.aws_iam_policy.permission_boundary"
          ]
        }
      ]
    },
    {
      "module": "module.iam_roles",
      "mode": "managed",
      "type": "aws_iam_role",
      "name": "ridebooking_rds_monitoring_role",
      "provider": "provider[\"registry.terraform.io/hashicorp/aws\"]",
      "instances": [
        {
          "schema_version": 0,
          "attributes": {
            "arn": "arn:aws:iam::731099197523:role/ridebooking-rds-monitoring-role",
            "assume_role_policy": "{\"Statement\":[{\"Action\":\"sts:AssumeRole\",\"Effect\":\"Allow\",\"Principal\":{\"Service\":\"monitoring.rds.amazonaws.com\"}}],\"Version\":\"2012-10-17\"}",
            "create_date": "2025-12-30T07:08:10Z",
            "description": "",
            "force_detach_policies": false,
            "id": "ridebooking-rds-monitoring-role",
            "inline_policy": [],
            "managed_policy_arns": [],
            "max_session_duration": 3600,
            "name": "ridebooking-rds-monitoring-role",
            "name_prefix": "",
            "path": "/",
            "permissions_boundary": "arn:aws:iam::731099197523:policy/d2-ride-booking-permission-boundary",
            "tags": {
              "environment": "shared",
              "managed_by": "terraform",
              "project": "d2-ride-booking"
            },
            "tags_all": {
              "environment": "shared",
              "managed_by": "terraform",
              "project": "d2-ride-booking"
            },
            "unique_id": "AROA2UOHIOBJYAZHD5K2T"
          },
          "sensitive_attributes": [],
          "identity_schema_version": 0,
          "private": "bnVsbA==",
          "dependencies": [
            "module.iam_roles.aws_iam_policy.permission_boundary"
          ]
        }
      ]
    },
    {
      "module": "module.iam_roles",
      "mode": "managed",
      "type": "aws_iam_role_policy_attachment",
      "name": "ridebooking_bastion_attach",
      "provider": "provider[\"registry.terraform.io/hashicorp/aws\"]",
      "instances": [
        {
          "schema_version": 0,
          "attributes": {
            "id": "ridebooking-bastion-role-20251230070811622500000002",
            "policy_arn": "arn:aws:iam::731099197523:policy/ridebooking-bastion-policy",
            "role": "ridebooking-bastion-role"
          },
          "sensitive_attributes": [],
          "identity_schema_version": 0,
          "private": "bnVsbA==",
          "dependencies": [
            "module.iam_roles.aws_iam_policy.permission_boundary",
            "module.iam_roles.aws_iam_policy.ridebooking_bastion_policy",
            "module.iam_roles.aws_iam_role.ridebooking_bastion_role"
          ]
        }
      ]
    },
    {
      "module": "module.iam_roles",
      "mode": "managed",
      "type": "aws_iam_role_policy_attachment",
      "name": "ridebooking_ec2_api_attach",
      "provider": "provider[\"registry.terraform.io/hashicorp/aws\"]",
      "instances": [
        {
          "schema_version": 0,
          "attributes": {
            "id": "ridebooking-ec2-api-role-20251230070811631000000003",
            "policy_arn": "arn:aws:iam::731099197523:policy/ridebooking-ec2-api-policy",
            "role": "ridebooking-ec2-api-role"
          },
          "sensitive_attributes": [],
          "identity_schema_version": 0,
          "private": "bnVsbA==",
          "dependencies": [
            "module.iam_roles.aws_iam_policy.permission_boundary",
            "module.iam_roles.aws_iam_policy.ridebooking_ec2_api_policy",
            "module.iam_roles.aws_iam_role.ridebooking_ec2_api_role"
          ]
        }
      ]
    },
    {
      "module": "module.iam_roles",
      "mode": "managed",
      "type": "aws_iam_role_policy_attachment",
      "name": "ridebooking_ec2_websocket_attach",
      "provider": "provider[\"registry.terraform.io/hashicorp/aws\"]",
      "instances": [
        {
          "schema_version": 0,
          "attributes": {
            "id": "ridebooking-ec2-websocket-role-20251230070811941100000004",
            "policy_arn": "arn:aws:iam::731099197523:policy/ridebooking-ec2-websocket-policy",
            "role": "ridebooking-ec2-websocket-role"
          },
          "sensitive_attributes": [],
          "identity_schema_version": 0,
          "private": "bnVsbA==",
          "dependencies": [
            "module.iam_roles.aws_iam_policy.permission_boundary",
            "module.iam_roles.aws_iam_policy.ridebooking_ec2_websocket_policy",
            "module.iam_roles.aws_iam_role.ridebooking_ec2_websocket_role"
          ]
        }
      ]
    },
    {
      "module": "module.iam_roles",
      "mode": "managed",
      "type": "aws_iam_role_policy_attachment",
      "name": "ridebooking_rds_monitoring_attach",
      "provider": "provider[\"registry.terraform.io/hashicorp/aws\"]",
      "instances": [
        {
          "schema_version": 0,
          "attributes": {
            "id": "ridebooking-rds-monitoring-role-20251230070811582400000001",
            "policy_arn": "arn:aws:iam::aws:policy/service-role/AmazonRDSEnhancedMonitoringRole",
            "role": "ridebooking-rds-monitoring-role"
          },
          "sensitive_attributes": [],
          "identity_schema_version": 0,
          "private": "bnVsbA==",
          "dependencies": [
            "module.iam_roles.aws_iam_policy.permission_boundary",
            "module.iam_roles.aws_iam_role.ridebooking_rds_monitoring_role"
          ]
        }
      ]
    }
  ],
  "check_results": [
    {
      "object_kind": "var",
      "config_addr": "var.project",
      "status": "pass",
      "objects": [
        {
          "object_addr": "var.project",
          "status": "pass"
        }
      ]
    },
    {
      "object_kind": "var",
      "config_addr": "var.aws_region",
      "status": "pass",
      "objects": [
        {
          "object_addr": "var.aws_region",
          "status": "pass"
        }
      ]
    },
    {
      "object_kind": "var",
      "config_addr": "var.terraform_state_bucket",
      "status": "pass",
      "objects": [
        {
          "object_addr": "var.terraform_state_bucket",
          "status": "pass"
        }
      ]
    },
    {
      "object_kind": "var",
      "config_addr": "var.github_repo",
      "status": "pass",
      "objects": [
        {
          "object_addr": "var.github_repo",
          "status": "pass"
        }
      ]
    }
  ]
}
